
Microsoft Visual Studio Solution File, Format Version 10.00
# Visual Studio 2008
Project("{F184B08F-C81C-45F6-A57F-5ABD9991F28F}") = "SmartLog", "SmartLog\SmartLog.vbproj", "{72443E0B-E45B-4514-9EBB-671B52419147}"
EndProject
Project("{F184B08F-C81C-45F6-A57F-5ABD9991F28F}") = "TestLog", "TestLog\TestLog.vbproj", "{D9F673BC-84E3-44E4-B564-8FD419A29010}"
	ProjectSection(ProjectDependencies) = postProject
		{72443E0B-E45B-4514-9EBB-671B52419147} = {72443E0B-E45B-4514-9EBB-671B52419147}
	EndProjectSection
EndProject
Project("{F184B08F-C81C-45F6-A57F-5ABD9991F28F}") = "BrisaLogger", "BrisaLogger\BrisaLogger.vbproj", "{B24AD9FC-74AA-478E-B3A9-59C7EE75BA56}"
EndProject
Global
	GlobalSection(SolutionConfigurationPlatforms) = preSolution
		Debug|Any CPU = Debug|Any CPU
		Release|Any CPU = Release|Any CPU
	EndGlobalSection
	GlobalSection(ProjectConfigurationPlatforms) = postSolution
		{72443E0B-E45B-4514-9EBB-671B52419147}.Debug|Any CPU.ActiveCfg = Debug|Any CPU
		{72443E0B-E45B-4514-9EBB-671B52419147}.Debug|Any CPU.Build.0 = Debug|Any CPU
		{72443E0B-E45B-4514-9EBB-671B52419147}.Release|Any CPU.ActiveCfg = Release|Any CPU
		{72443E0B-E45B-4514-9EBB-671B52419147}.Release|Any CPU.Build.0 = Release|Any CPU
		{D9F673BC-84E3-44E4-B564-8FD419A29010}.Debug|Any CPU.ActiveCfg = Debug|Any CPU
		{D9F673BC-84E3-44E4-B564-8FD419A29010}.Debug|Any CPU.Build.0 = Debug|Any CPU
		{D9F673BC-84E3-44E4-B564-8FD419A29010}.Release|Any CPU.ActiveCfg = Release|Any CPU
		{D9F673BC-84E3-44E4-B564-8FD419A29010}.Release|Any CPU.Build.0 = Release|Any CPU
		{B24AD9FC-74AA-478E-B3A9-59C7EE75BA56}.Debug|Any CPU.ActiveCfg = Debug|Any CPU
		{B24AD9FC-74AA-478E-B3A9-59C7EE75BA56}.Debug|Any CPU.Build.0 = Debug|Any CPU
		{B24AD9FC-74AA-478E-B3A9-59C7EE75BA56}.Release|Any CPU.ActiveCfg = Release|Any CPU
		{B24AD9FC-74AA-478E-B3A9-59C7EE75BA56}.Release|Any CPU.Build.0 = Release|Any CPU
	EndGlobalSection
	GlobalSection(SolutionProperties) = preSolution
		HideSolutionNode = FALSE
	EndGlobalSection
EndGlobal
